
Microsoft Visual Studio Solution File, Format Version 12.00
# Visual Studio 15
Project("{FAE04EC0-301F-11D3-BF4B-00C04F79EFBC}") = "Assembly-CSharp", "Assembly-CSharp.csproj", "{C0F66011-1E32-F8F5-9D08-4DD2CD5B8F61}"
EndProject
Project("{FAE04EC0-301F-11D3-BF4B-00C04F79EFBC}") = "Assembly-CSharp-Editor", "Assembly-CSharp-Editor.csproj", "{5482360C-5958-B566-18D9-5479CF95EA10}"
EndProject
Global
	GlobalSection(SolutionConfigurationPlatforms) = preSolution
		Debug|Any CPU = Debug|Any CPU
		Release|Any CPU = Release|Any CPU
	EndGlobalSection
	GlobalSection(ProjectConfigurationPlatforms) = postSolution
		{C0F66011-1E32-F8F5-9D08-4DD2CD5B8F61}.Debug|Any CPU.ActiveCfg = Debug|Any CPU
		{C0F66011-1E32-F8F5-9D08-4DD2CD5B8F61}.Debug|Any CPU.Build.0 = Debug|Any CPU
		{C0F66011-1E32-F8F5-9D08-4DD2CD5B8F61}.Release|Any CPU.ActiveCfg = Release|Any CPU
		{C0F66011-1E32-F8F5-9D08-4DD2CD5B8F61}.Release|Any CPU.Build.0 = Release|Any CPU
		{5482360C-5958-B566-18D9-5479CF95EA10}.Debug|Any CPU.ActiveCfg = Debug|Any CPU
		{5482360C-5958-B566-18D9-5479CF95EA10}.Debug|Any CPU.Build.0 = Debug|Any CPU
		{5482360C-5958-B566-18D9-5479CF95EA10}.Release|Any CPU.ActiveCfg = Release|Any CPU
		{5482360C-5958-B566-18D9-5479CF95EA10}.Release|Any CPU.Build.0 = Release|Any CPU
	EndGlobalSection
	GlobalSection(SolutionProperties) = preSolution
		HideSolutionNode = FALSE
	EndGlobalSection
EndGlobal
